original_title: "TODO"
source_artifacts: []
core_problem: "TODO"
not_core_problem:
  - "TODO"
target_user_or_population: "TODO"
decision_context: "TODO"
expected_contribution:
  - "TODO"
must_have:
  - "TODO"
avoid:
  - "TODO"
target_venue: "TODO"
field: "TODO"
year_range: "TODO"
depth: "standard"
output_language: "中文"
locked_at: "TODO"

